{
  "name": "vcm",
  "version": "0.1.0",
  "lockfileVersion": 1,
  "requires": true,
  "dependencies": {
    "bulma": {
      "version": "0.9.1",
      "resolved": "https://registry.npmjs.org/bulma/-/bulma-0.9.1.tgz",
      "integrity": "sha512-LSF69OumXg2HSKl2+rN0/OEXJy7WFEb681wtBlNS/ulJYR27J3rORHibdXZ6GVb/vyUzzYK/Arjyh56wjbFedA=="
    },
    "core-js": {
      "version": "3.6.5",
      "resolved": "https://registry.npmjs.org/core-js/-/core-js-3.6.5.tgz",
      "integrity": "sha512-vZVEEwZoIsI+vPEuoF9Iqf5H7/M3eeQqWlQnYa8FSKKePuYTf5MWnxb5SDAzCa60b3JBRS5g9b+Dq7b1y/RCrA=="
    },
    "include-media": {
      "version": "1.4.9",
      "resolved": "https://registry.npmjs.org/include-media/-/include-media-1.4.9.tgz",
      "integrity": "sha1-0AILe+PrLVSGiiCUNZXOOA4LxDs="
    },
    "vue": {
      "version": "2.6.12",
      "resolved": "https://registry.npmjs.org/vue/-/vue-2.6.12.tgz",
      "integrity": "sha512-uhmLFETqPPNyuLLbsKz6ioJ4q7AZHzD8ZVFNATNyICSZouqP2Sz0rotWQC8UNBF6VGSCs5abnKJoStA6JbCbfg=="
    },
    "vue-class-component": {
      "version": "7.2.6",
      "resolved": "https://registry.npmjs.org/vue-class-component/-/vue-class-component-7.2.6.tgz",
      "integrity": "sha512-+eaQXVrAm/LldalI272PpDe3+i4mPis0ORiMYxF6Ae4hyuCh15W8Idet7wPUEs4N4YptgFHGys4UrgNQOMyO6w=="
    },
    "vue-property-decorator": {
      "version": "8.5.1",
      "resolved": "https://registry.npmjs.org/vue-property-decorator/-/vue-property-decorator-8.5.1.tgz",
      "integrity": "sha512-O6OUN2OMsYTGPvgFtXeBU3jPnX5ffQ9V4I1WfxFQ6dqz6cOUbR3Usou7kgFpfiXDvV7dJQSFcJ5yUPgOtPPm1Q==",
      "requires": {
        "vue-class-component": "^7.1.0"
      }
    },
    "vue-slide-bar": {
      "version": "1.2.0",
      "resolved": "https://registry.npmjs.org/vue-slide-bar/-/vue-slide-bar-1.2.0.tgz",
      "integrity": "sha512-SewM0C1lt7s0vrp9N1u3dA0yVNEj2kTs+m2bHhe+Mc/NYmjqcU3IcbKlVrrbWOkAjrLFYQ3OmsvVEl60Xzb8+w==",
      "requires": {
        "vue": "^2.5.22"
      }
    },
    "vue-slider-component": {
      "version": "3.2.5",
      "resolved": "https://registry.npmjs.org/vue-slider-component/-/vue-slider-component-3.2.5.tgz",
      "integrity": "sha512-re1OSpfYHM6Un22/vlAnCb8QtBcxXuno/7/D5z8sGTZNXBgK32zBbz1p/WNwj/qrlCegEEzqfX7Khd4TD4YNXA==",
      "requires": {
        "core-js": "^3.6.5",
        "vue-property-decorator": "^8.0.0"
      }
    },
    "vuejs-progress-bar": {
      "version": "1.2.2",
      "resolved": "https://registry.npmjs.org/vuejs-progress-bar/-/vuejs-progress-bar-1.2.2.tgz",
      "integrity": "sha512-RTkbj56Hj4nykkc9BZxTxbaulov2oRAHSRuW7BlyYAkz4a9ZjhF0t7X+imEK1F5eNC94AywXlfLbIohGnGq83w=="
    }
  }
}
